
Microsoft Visual Studio Solution File, Format Version 12.00
# Visual Studio Version 16
VisualStudioVersion = 16.0.34407.143
MinimumVisualStudioVersion = 10.0.40219.1
Project("{FAE04EC0-301F-11D3-BF4B-00C04F79EFBC}") = "HistoricoBase", "HistoricoBase\HistoricoBase.csproj", "{F846090C-49CB-414A-BE16-AA21179B3F26}"
EndProject
Global
	GlobalSection(SolutionConfigurationPlatforms) = preSolution
		Debug|Any CPU = Debug|Any CPU
		Release|Any CPU = Release|Any CPU
	EndGlobalSection
	GlobalSection(ProjectConfigurationPlatforms) = postSolution
		{F846090C-49CB-414A-BE16-AA21179B3F26}.Debug|Any CPU.ActiveCfg = Debug|Any CPU
		{F846090C-49CB-414A-BE16-AA21179B3F26}.Debug|Any CPU.Build.0 = Debug|Any CPU
		{F846090C-49CB-414A-BE16-AA21179B3F26}.Release|Any CPU.ActiveCfg = Release|Any CPU
		{F846090C-49CB-414A-BE16-AA21179B3F26}.Release|Any CPU.Build.0 = Release|Any CPU
	EndGlobalSection
	GlobalSection(SolutionProperties) = preSolution
		HideSolutionNode = FALSE
	EndGlobalSection
	GlobalSection(ExtensibilityGlobals) = postSolution
		SolutionGuid = {D1B6CA37-B10C-4E07-A174-0517E9413A8C}
	EndGlobalSection
EndGlobal
